// !$*UTF8*$!
{
	archiveVersion = 1;
	classes = {
	};
	objectVersion = 46;
	objects = {

/* Begin PBXBuildFile section */
		36C75B021C8CC942005E154C /* main.m in Sources */ = {isa = PBXBuildFile; fileRef = 36C75B011C8CC942005E154C /* main.m */; };
		36C75B051C8CC942005E154C /* AppDelegate.m in Sources */ = {isa = PBXBuildFile; fileRef = 36C75B041C8CC942005E154C /* AppDelegate.m */; };
		36C75B081C8CC942005E154C /* ViewController.m in Sources */ = {isa = PBXBuildFile; fileRef = 36C75B071C8CC942005E154C /* ViewController.m */; };
		36C75B0B1C8CC942005E154C /* Main.storyboard in Resources */ = {isa = PBXBuildFile; fileRef = 36C75B091C8CC942005E154C /* Main.storyboard */; };
		36C75B0E1C8CC942005E154C /* MusiCon.xcdatamodeld in Sources */ = {isa = PBXBuildFile; fileRef = 36C75B0C1C8CC942005E154C /* MusiCon.xcdatamodeld */; };
		36C75B101C8CC942005E154C /* Assets.xcassets in Resources */ = {isa = PBXBuildFile; fileRef = 36C75B0F1C8CC942005E154C /* Assets.xcassets */; };
		36C75B1E1C8CC942005E154C /* MusiConTests.m in Sources */ = {isa = PBXBuildFile; fileRef = 36C75B1D1C8CC942005E154C /* MusiConTests.m */; };
		36C75B291C8CC942005E154C /* MusiConUITests.m in Sources */ = {isa = PBXBuildFile; fileRef = 36C75B281C8CC942005E154C /* MusiConUITests.m */; };
		36C75B3A1C8CDC9C005E154C /* AVFoundation.framework in Frameworks */ = {isa = PBXBuildFile; fileRef = 36C75B391C8CDC9C005E154C /* AVFoundation.framework */; };
		36C75B3C1C8CDCBB005E154C /* SystemConfiguration.framework in Frameworks */ = {isa = PBXBuildFile; fileRef = 36C75B3B1C8CDCBB005E154C /* SystemConfiguration.framework */; };
		36E3708C1CACD8A1007C126A /* MBProgressHUD.m in Sources */ = {isa = PBXBuildFile; fileRef = 36E3708B1CACD8A1007C126A /* MBProgressHUD.m */; };
		36EC86A21CBC7ED6007D1FDD /* MicrosoftBandKit_iOS.framework in Frameworks */ = {isa = PBXBuildFile; fileRef = 36EC86A01CBC7ED6007D1FDD /* MicrosoftBandKit_iOS.framework */; };
		36EC86A31CBC7ED6007D1FDD /* Spotify.framework in Frameworks */ = {isa = PBXBuildFile; fileRef = 36EC86A11CBC7ED6007D1FDD /* Spotify.framework */; };
		36EC86A51CBC7EF8007D1FDD /* CoreBluetooth.framework in Frameworks */ = {isa = PBXBuildFile; fileRef = 36EC86A41CBC7EF8007D1FDD /* CoreBluetooth.framework */; };
		36F1DBCC1CA87DCB000D0441 /* HomeViewController.m in Sources */ = {isa = PBXBuildFile; fileRef = 36F1DBCB1CA87DCB000D0441 /* HomeViewController.m */; };
		36F1DBCF1CA88A7F000D0441 /* LoginViewController.m in Sources */ = {isa = PBXBuildFile; fileRef = 36F1DBCE1CA88A7F000D0441 /* LoginViewController.m */; };
/* End PBXBuildFile section */

/* Begin PBXContainerItemProxy section */
		36C75B1A1C8CC942005E154C /* PBXContainerItemProxy */ = {
			isa = PBXContainerItemProxy;
			containerPortal = 36C75AF51C8CC942005E154C /* Project object */;
			proxyType = 1;
			remoteGlobalIDString = 36C75AFC1C8CC942005E154C;
			remoteInfo = MusiCon;
		};
		36C75B251C8CC942005E154C /* PBXContainerItemProxy */ = {
			isa = PBXContainerItemProxy;
			containerPortal = 36C75AF51C8CC942005E154C /* Project object */;
			proxyType = 1;
			remoteGlobalIDString = 36C75AFC1C8CC942005E154C;
			remoteInfo = MusiCon;
		};
/* End PBXContainerItemProxy section */

/* Begin PBXFileReference section */
		36C75AFD1C8CC942005E154C /* MusiCon.app */ = {isa = PBXFileReference; explicitFileType = wrapper.application; includeInIndex = 0; path = MusiCon.app; sourceTree = BUILT_PRODUCTS_DIR; };
		36C75B011C8CC942005E154C /* main.m */ = {isa = PBXFileReference; lastKnownFileType = sourcecode.c.objc; path = main.m; sourceTree = "<group>"; };
		36C75B031C8CC942005E154C /* AppDelegate.h */ = {isa = PBXFileReference; lastKnownFileType = sourcecode.c.h; path = AppDelegate.h; sourceTree = "<group>"; };
		36C75B041C8CC942005E154C /* AppDelegate.m */ = {isa = PBXFileReference; lastKnownFileType = sourcecode.c.objc; path = AppDelegate.m; sourceTree = "<group>"; };
		36C75B061C8CC942005E154C /* ViewController.h */ = {isa = PBXFileReference; lastKnownFileType = sourcecode.c.h; path = ViewController.h; sourceTree = "<group>"; };
		36C75B071C8CC942005E154C /* ViewController.m */ = {isa = PBXFileReference; lastKnownFileType = sourcecode.c.objc; path = ViewController.m; sourceTree = "<group>"; };
		36C75B0A1C8CC942005E154C /* Base */ = {isa = PBXFileReference; lastKnownFileType = file.storyboard; name = Base; path = Base.lproj/Main.storyboard; sourceTree = "<group>"; };
		36C75B0D1C8CC942005E154C /* MusiCon.xcdatamodel */ = {isa = PBXFileReference; lastKnownFileType = wrapper.xcdatamodel; path = MusiCon.xcdatamodel; sourceTree = "<group>"; };
		36C75B0F1C8CC942005E154C /* Assets.xcassets */ = {isa = PBXFileReference; lastKnownFileType = folder.assetcatalog; path = Assets.xcassets; sourceTree = "<group>"; };
		36C75B141C8CC942005E154C /* Info.plist */ = {isa = PBXFileReference; lastKnownFileType = text.plist.xml; path = Info.plist; sourceTree = "<group>"; };
		36C75B191C8CC942005E154C /* MusiConTests.xctest */ = {isa = PBXFileReference; explicitFileType = wrapper.cfbundle; includeInIndex = 0; path = MusiConTests.xctest; sourceTree = BUILT_PRODUCTS_DIR; };
		36C75B1D1C8CC942005E154C /* MusiConTests.m */ = {isa = PBXFileReference; lastKnownFileType = sourcecode.c.objc; path = MusiConTests.m; sourceTree = "<group>"; };
		36C75B1F1C8CC942005E154C /* Info.plist */ = {isa = PBXFileReference; lastKnownFileType = text.plist.xml; path = Info.plist; sourceTree = "<group>"; };
		36C75B241C8CC942005E154C /* MusiConUITests.xctest */ = {isa = PBXFileReference; explicitFileType = wrapper.cfbundle; includeInIndex = 0; path = MusiConUITests.xctest; sourceTree = BUILT_PRODUCTS_DIR; };
		36C75B281C8CC942005E154C /* MusiConUITests.m */ = {isa = PBXFileReference; lastKnownFileType = sourcecode.c.objc; path = MusiConUITests.m; sourceTree = "<group>"; };
		36C75B2A1C8CC942005E154C /* Info.plist */ = {isa = PBXFileReference; lastKnownFileType = text.plist.xml; path = Info.plist; sourceTree = "<group>"; };
		36C75B391C8CDC9C005E154C /* AVFoundation.framework */ = {isa = PBXFileReference; lastKnownFileType = wrapper.framework; name = AVFoundation.framework; path = System/Library/Frameworks/AVFoundation.framework; sourceTree = SDKROOT; };
		36C75B3B1C8CDCBB005E154C /* SystemConfiguration.framework */ = {isa = PBXFileReference; lastKnownFileType = wrapper.framework; name = SystemConfiguration.framework; path = System/Library/Frameworks/SystemConfiguration.framework; sourceTree = SDKROOT; };
		36E3708A1CACD8A1007C126A /* MBProgressHUD.h */ = {isa = PBXFileReference; fileEncoding = 4; lastKnownFileType = sourcecode.c.h; path = MBProgressHUD.h; sourceTree = "<group>"; };
		36E3708B1CACD8A1007C126A /* MBProgressHUD.m */ = {isa = PBXFileReference; fileEncoding = 4; lastKnownFileType = sourcecode.c.objc; path = MBProgressHUD.m; sourceTree = "<group>"; };
		36EC869E1CBC7E57007D1FDD /* MicrosoftBandKit_iOS.framework */ = {isa = PBXFileReference; lastKnownFileType = wrapper.framework; name = MicrosoftBandKit_iOS.framework; path = ../../../../Downloads/MicrosoftBandKit_iOS_SAMPLES_1.3.20307.2/MicrosoftBandKit_iOS.framework; sourceTree = "<group>"; };
		36EC86A01CBC7ED6007D1FDD /* MicrosoftBandKit_iOS.framework */ = {isa = PBXFileReference; lastKnownFileType = wrapper.framework; name = MicrosoftBandKit_iOS.framework; path = Frameworks/MicrosoftBandKit_iOS.framework; sourceTree = "<group>"; };
		36EC86A11CBC7ED6007D1FDD /* Spotify.framework */ = {isa = PBXFileReference; lastKnownFileType = wrapper.framework; name = Spotify.framework; path = Frameworks/Spotify.framework; sourceTree = "<group>"; };
		36EC86A41CBC7EF8007D1FDD /* CoreBluetooth.framework */ = {isa = PBXFileReference; lastKnownFileType = wrapper.framework; name = CoreBluetooth.framework; path = System/Library/Frameworks/CoreBluetooth.framework; sourceTree = SDKROOT; };
		36F1DBCA1CA87DCB000D0441 /* HomeViewController.h */ = {isa = PBXFileReference; fileEncoding = 4; lastKnownFileType = sourcecode.c.h; path = HomeViewController.h; sourceTree = "<group>"; };
		36F1DBCB1CA87DCB000D0441 /* HomeViewController.m */ = {isa = PBXFileReference; fileEncoding = 4; lastKnownFileType = sourcecode.c.objc; path = HomeViewController.m; sourceTree = "<group>"; };
		36F1DBCD1CA88A7F000D0441 /* LoginViewController.h */ = {isa = PBXFileReference; fileEncoding = 4; lastKnownFileType = sourcecode.c.h; path = LoginViewController.h; sourceTree = "<group>"; };
		36F1DBCE1CA88A7F000D0441 /* LoginViewController.m */ = {isa = PBXFileReference; fileEncoding = 4; lastKnownFileType = sourcecode.c.objc; path = LoginViewController.m; sourceTree = "<group>"; };
/* End PBXFileReference section */

/* Begin PBXFrameworksBuildPhase section */
		36C75AFA1C8CC942005E154C /* Frameworks */ = {
			isa = PBXFrameworksBuildPhase;
			buildActionMask = 2147483647;
			files = (
				36EC86A51CBC7EF8007D1FDD /* CoreBluetooth.framework in Frameworks */,
				36EC86A21CBC7ED6007D1FDD /* MicrosoftBandKit_iOS.framework in Frameworks */,
				36EC86A31CBC7ED6007D1FDD /* Spotify.framework in Frameworks */,
				36C75B3C1C8CDCBB005E154C /* SystemConfiguration.framework in Frameworks */,
				36C75B3A1C8CDC9C005E154C /* AVFoundation.framework in Frameworks */,
			);
			runOnlyForDeploymentPostprocessing = 0;
		};
		36C75B161C8CC942005E154C /* Frameworks */ = {
			isa = PBXFrameworksBuildPhase;
			buildActionMask = 2147483647;
			files = (
			);
			runOnlyForDeploymentPostprocessing = 0;
		};
		36C75B211C8CC942005E154C /* Frameworks */ = {
			isa = PBXFrameworksBuildPhase;
			buildActionMask = 2147483647;
			files = (
			);
			runOnlyForDeploymentPostprocessing = 0;
		};
/* End PBXFrameworksBuildPhase section */

/* Begin PBXGroup section */
		36C75AF41C8CC942005E154C = {
			isa = PBXGroup;
			children = (
				36C75AFF1C8CC942005E154C /* MusiCon */,
				36C75B361C8CCE70005E154C /* Frameworks */,
				36C75B1C1C8CC942005E154C /* MusiConTests */,
				36C75B271C8CC942005E154C /* MusiConUITests */,
				36C75AFE1C8CC942005E154C /* Products */,
			);
			sourceTree = "<group>";
		};
		36C75AFE1C8CC942005E154C /* Products */ = {
			isa = PBXGroup;
			children = (
				36C75AFD1C8CC942005E154C /* MusiCon.app */,
				36C75B191C8CC942005E154C /* MusiConTests.xctest */,
				36C75B241C8CC942005E154C /* MusiConUITests.xctest */,
			);
			name = Products;
			sourceTree = "<group>";
		};
		36C75AFF1C8CC942005E154C /* MusiCon */ = {
			isa = PBXGroup;
			children = (
				36C75B031C8CC942005E154C /* AppDelegate.h */,
				36C75B041C8CC942005E154C /* AppDelegate.m */,
				36E3708A1CACD8A1007C126A /* MBProgressHUD.h */,
				36E3708B1CACD8A1007C126A /* MBProgressHUD.m */,
				36C75B061C8CC942005E154C /* ViewController.h */,
				36C75B071C8CC942005E154C /* ViewController.m */,
				36F1DBCA1CA87DCB000D0441 /* HomeViewController.h */,
				36F1DBCB1CA87DCB000D0441 /* HomeViewController.m */,
				36F1DBCD1CA88A7F000D0441 /* LoginViewController.h */,
				36F1DBCE1CA88A7F000D0441 /* LoginViewController.m */,
				36C75B091C8CC942005E154C /* Main.storyboard */,
				36C75B0F1C8CC942005E154C /* Assets.xcassets */,
				36C75B141C8CC942005E154C /* Info.plist */,
				36C75B0C1C8CC942005E154C /* MusiCon.xcdatamodeld */,
				36C75B001C8CC942005E154C /* Supporting Files */,
			);
			path = MusiCon;
			sourceTree = "<group>";
		};
		36C75B001C8CC942005E154C /* Supporting Files */ = {
			isa = PBXGroup;
			children = (
				36C75B011C8CC942005E154C /* main.m */,
			);
			name = "Supporting Files";
			sourceTree = "<group>";
		};
		36C75B1C1C8CC942005E154C /* MusiConTests */ = {
			isa = PBXGroup;
			children = (
				36C75B1D1C8CC942005E154C /* MusiConTests.m */,
				36C75B1F1C8CC942005E154C /* Info.plist */,
			);
			path = MusiConTests;
			sourceTree = "<group>";
		};
		36C75B271C8CC942005E154C /* MusiConUITests */ = {
			isa = PBXGroup;
			children = (
				36C75B281C8CC942005E154C /* MusiConUITests.m */,
				36C75B2A1C8CC942005E154C /* Info.plist */,
			);
			path = MusiConUITests;
			sourceTree = "<group>";
		};
		36C75B361C8CCE70005E154C /* Frameworks */ = {
			isa = PBXGroup;
			children = (
				36EC86A41CBC7EF8007D1FDD /* CoreBluetooth.framework */,
				36EC86A01CBC7ED6007D1FDD /* MicrosoftBandKit_iOS.framework */,
				36EC86A11CBC7ED6007D1FDD /* Spotify.framework */,
				36EC869E1CBC7E57007D1FDD /* MicrosoftBandKit_iOS.framework */,
				36C75B3B1C8CDCBB005E154C /* SystemConfiguration.framework */,
				36C75B391C8CDC9C005E154C /* AVFoundation.framework */,
			);
			name = Frameworks;
			sourceTree = "<group>";
		};
/* End PBXGroup section */

/* Begin PBXNativeTarget section */
		36C75AFC1C8CC942005E154C /* MusiCon */ = {
			isa = PBXNativeTarget;
			buildConfigurationList = 36C75B2D1C8CC942005E154C /* Build configuration list for PBXNativeTarget "MusiCon" */;
			buildPhases = (
				36C75AF91C8CC942005E154C /* Sources */,
				36C75AFA1C8CC942005E154C /* Frameworks */,
				36C75AFB1C8CC942005E154C /* Resources */,
			);
			buildRules = (
			);
			dependencies = (
			);
			name = MusiCon;
			productName = MusiCon;
			productReference = 36C75AFD1C8CC942005E154C /* MusiCon.app */;
			productType = "com.apple.product-type.application";
		};
		36C75B181C8CC942005E154C /* MusiConTests */ = {
			isa = PBXNativeTarget;
			buildConfigurationList = 36C75B301C8CC942005E154C /* Build configuration list for PBXNativeTarget "MusiConTests" */;
			buildPhases = (
				36C75B151C8CC942005E154C /* Sources */,
				36C75B161C8CC942005E154C /* Frameworks */,
				36C75B171C8CC942005E154C /* Resources */,
			);
			buildRules = (
			);
			dependencies = (
				36C75B1B1C8CC942005E154C /* PBXTargetDependency */,
			);
			name = MusiConTests;
			productName = MusiConTests;
			productReference = 36C75B191C8CC942005E154C /* MusiConTests.xctest */;
			productType = "com.apple.product-type.bundle.unit-test";
		};
		36C75B231C8CC942005E154C /* MusiConUITests */ = {
			isa = PBXNativeTarget;
			buildConfigurationList = 36C75B331C8CC942005E154C /* Build configuration list for PBXNativeTarget "MusiConUITests" */;
			buildPhases = (
				36C75B201C8CC942005E154C /* Sources */,
				36C75B211C8CC942005E154C /* Frameworks */,
				36C75B221C8CC942005E154C /* Resources */,
			);
			buildRules = (
			);
			dependencies = (
				36C75B261C8CC942005E154C /* PBXTargetDependency */,
			);
			name = MusiConUITests;
			productName = MusiConUITests;
			productReference = 36C75B241C8CC942005E154C /* MusiConUITests.xctest */;
			productType = "com.apple.product-type.bundle.ui-testing";
		};
/* End PBXNativeTarget section */

/* Begin PBXProject section */
		36C75AF51C8CC942005E154C /* Project object */ = {
			isa = PBXProject;
			attributes = {
				LastUpgradeCheck = 0720;
				ORGANIZATIONNAME = theRecommendables;
				TargetAttributes = {
					36C75AFC1C8CC942005E154C = {
						CreatedOnToolsVersion = 7.2.1;
						DevelopmentTeam = W2LKZ423R6;
					};
					36C75B181C8CC942005E154C = {
						CreatedOnToolsVersion = 7.2.1;
						TestTargetID = 36C75AFC1C8CC942005E154C;
					};
					36C75B231C8CC942005E154C = {
						CreatedOnToolsVersion = 7.2.1;
						TestTargetID = 36C75AFC1C8CC942005E154C;
					};
				};
			};
			buildConfigurationList = 36C75AF81C8CC942005E154C /* Build configuration list for PBXProject "MusiCon" */;
			compatibilityVersion = "Xcode 3.2";
			developmentRegion = English;
			hasScannedForEncodings = 0;
			knownRegions = (
				en,
				Base,
			);
			mainGroup = 36C75AF41C8CC942005E154C;
			productRefGroup = 36C75AFE1C8CC942005E154C /* Products */;
			projectDirPath = "";
			projectRoot = "";
			targets = (
				36C75AFC1C8CC942005E154C /* MusiCon */,
				36C75B181C8CC942005E154C /* MusiConTests */,
				36C75B231C8CC942005E154C /* MusiConUITests */,
			);
		};
/* End PBXProject section */

/* Begin PBXResourcesBuildPhase section */
		36C75AFB1C8CC942005E154C /* Resources */ = {
			isa = PBXResourcesBuildPhase;
			buildActionMask = 2147483647;
			files = (
				36C75B101C8CC942005E154C /* Assets.xcassets in Resources */,
				36C75B0B1C8CC942005E154C /* Main.storyboard in Resources */,
			);
			runOnlyForDeploymentPostprocessing = 0;
		};
		36C75B171C8CC942005E154C /* Resources */ = {
			isa = PBXResourcesBuildPhase;
			buildActionMask = 2147483647;
			files = (
			);
			runOnlyForDeploymentPostprocessing = 0;
		};
		36C75B221C8CC942005E154C /* Resources */ = {
			isa = PBXResourcesBuildPhase;
			buildActionMask = 2147483647;
			files = (
			);
			runOnlyForDeploymentPostprocessing = 0;
		};
/* End PBXResourcesBuildPhase section */

/* Begin PBXSourcesBuildPhase section */
		36C75AF91C8CC942005E154C /* Sources */ = {
			isa = PBXSourcesBuildPhase;
			buildActionMask = 2147483647;
			files = (
				36C75B081C8CC942005E154C /* ViewController.m in Sources */,
				36C75B051C8CC942005E154C /* AppDelegate.m in Sources */,
				36F1DBCF1CA88A7F000D0441 /* LoginViewController.m in Sources */,
				36C75B0E1C8CC942005E154C /* MusiCon.xcdatamodeld in Sources */,
				36F1DBCC1CA87DCB000D0441 /* HomeViewController.m in Sources */,
				36C75B021C8CC942005E154C /* main.m in Sources */,
				36E3708C1CACD8A1007C126A /* MBProgressHUD.m in Sources */,
			);
			runOnlyForDeploymentPostprocessing = 0;
		};
		36C75B151C8CC942005E154C /* Sources */ = {
			isa = PBXSourcesBuildPhase;
			buildActionMask = 2147483647;
			files = (
				36C75B1E1C8CC942005E154C /* MusiConTests.m in Sources */,
			);
			runOnlyForDeploymentPostprocessing = 0;
		};
		36C75B201C8CC942005E154C /* Sources */ = {
			isa = PBXSourcesBuildPhase;
			buildActionMask = 2147483647;
			files = (
				36C75B291C8CC942005E154C /* MusiConUITests.m in Sources */,
			);
			runOnlyForDeploymentPostprocessing = 0;
		};
/* End PBXSourcesBuildPhase section */

/* Begin PBXTargetDependency section */
		36C75B1B1C8CC942005E154C /* PBXTargetDependency */ = {
			isa = PBXTargetDependency;
			target = 36C75AFC1C8CC942005E154C /* MusiCon */;
			targetProxy = 36C75B1A1C8CC942005E154C /* PBXContainerItemProxy */;
		};
		36C75B261C8CC942005E154C /* PBXTargetDependency */ = {
			isa = PBXTargetDependency;
			target = 36C75AFC1C8CC942005E154C /* MusiCon */;
			targetProxy = 36C75B251C8CC942005E154C /* PBXContainerItemProxy */;
		};
/* End PBXTargetDependency section */

/* Begin PBXVariantGroup section */
		36C75B091C8CC942005E154C /* Main.storyboard */ = {
			isa = PBXVariantGroup;
			children = (
				36C75B0A1C8CC942005E154C /* Base */,
			);
			name = Main.storyboard;
			sourceTree = "<group>";
		};
/* End PBXVariantGroup section */

/* Begin XCBuildConfiguration section */
		36C75B2B1C8CC942005E154C /* Debug */ = {
			isa = XCBuildConfiguration;
			buildSettings = {
				ALWAYS_SEARCH_USER_PATHS = NO;
				CLANG_CXX_LANGUAGE_STANDARD = "gnu++0x";
				CLANG_CXX_LIBRARY = "libc++";
				CLANG_ENABLE_MODULES = YES;
				CLANG_ENABLE_OBJC_ARC = YES;
				CLANG_WARN_BOOL_CONVERSION = YES;
				CLANG_WARN_CONSTANT_CONVERSION = YES;
				CLANG_WARN_DIRECT_OBJC_ISA_USAGE = YES_ERROR;
				CLANG_WARN_EMPTY_BODY = YES;
				CLANG_WARN_ENUM_CONVERSION = YES;
				CLANG_WARN_INT_CONVERSION = YES;
				CLANG_WARN_OBJC_ROOT_CLASS = YES_ERROR;
				CLANG_WARN_UNREACHABLE_CODE = YES;
				CLANG_WARN__DUPLICATE_METHOD_MATCH = YES;
				"CODE_SIGN_IDENTITY[sdk=iphoneos*]" = "iPhone Developer";
				COPY_PHASE_STRIP = NO;
				DEBUG_INFORMATION_FORMAT = dwarf;
				ENABLE_STRICT_OBJC_MSGSEND = YES;
				ENABLE_TESTABILITY = YES;
				GCC_C_LANGUAGE_STANDARD = gnu99;
				GCC_DYNAMIC_NO_PIC = NO;
				GCC_NO_COMMON_BLOCKS = YES;
				GCC_OPTIMIZATION_LEVEL = 0;
				GCC_PREPROCESSOR_DEFINITIONS = (
					"DEBUG=1",
					"$(inherited)",
				);
				GCC_WARN_64_TO_32_BIT_CONVERSION = YES;
				GCC_WARN_ABOUT_RETURN_TYPE = YES_ERROR;
				GCC_WARN_UNDECLARED_SELECTOR = YES;
				GCC_WARN_UNINITIALIZED_AUTOS = YES_AGGRESSIVE;
				GCC_WARN_UNUSED_FUNCTION = YES;
				GCC_WARN_UNUSED_VARIABLE = YES;
				IPHONEOS_DEPLOYMENT_TARGET = 9.2;
				MTL_ENABLE_DEBUG_INFO = YES;
				ONLY_ACTIVE_ARCH = YES;
				SDKROOT = iphoneos;
			};
			name = Debug;
		};
		36C75B2C1C8CC942005E154C /* Release */ = {
			isa = XCBuildConfiguration;
			buildSettings = {
				ALWAYS_SEARCH_USER_PATHS = NO;
				CLANG_CXX_LANGUAGE_STANDARD = "gnu++0x";
				CLANG_CXX_LIBRARY = "libc++";
				CLANG_ENABLE_MODULES = YES;
				CLANG_ENABLE_OBJC_ARC = YES;
				CLANG_WARN_BOOL_CONVERSION = YES;
				CLANG_WARN_CONSTANT_CONVERSION = YES;
				CLANG_WARN_DIRECT_OBJC_ISA_USAGE = YES_ERROR;
				CLANG_WARN_EMPTY_BODY = YES;
				CLANG_WARN_ENUM_CONVERSION = YES;
				CLANG_WARN_INT_CONVERSION = YES;
				CLANG_WARN_OBJC_ROOT_CLASS = YES_ERROR;
				CLANG_WARN_UNREACHABLE_CODE = YES;
				CLANG_WARN__DUPLICATE_METHOD_MATCH = YES;
				"CODE_SIGN_IDENTITY[sdk=iphoneos*]" = "iPhone Developer";
				COPY_PHASE_STRIP = NO;
				DEBUG_INFORMATION_FORMAT = "dwarf-with-dsym";
				ENABLE_NS_ASSERTIONS = NO;
				ENABLE_STRICT_OBJC_MSGSEND = YES;
				GCC_C_LANGUAGE_STANDARD = gnu99;
				GCC_NO_COMMON_BLOCKS = YES;
				GCC_WARN_64_TO_32_BIT_CONVERSION = YES;
				GCC_WARN_ABOUT_RETURN_TYPE = YES_ERROR;
				GCC_WARN_UNDECLARED_SELECTOR = YES;
				GCC_WARN_UNINITIALIZED_AUTOS = YES_AGGRESSIVE;
				GCC_WARN_UNUSED_FUNCTION = YES;
				GCC_WARN_UNUSED_VARIABLE = YES;
				IPHONEOS_DEPLOYMENT_TARGET = 9.2;
				MTL_ENABLE_DEBUG_INFO = NO;
				SDKROOT = iphoneos;
				VALIDATE_PRODUCT = YES;
			};
			name = Release;
		};
		36C75B2E1C8CC942005E154C /* Debug */ = {
			isa = XCBuildConfiguration;
			buildSettings = {
				ASSETCATALOG_COMPILER_APPICON_NAME = AppIcon;
				CODE_SIGN_IDENTITY = "iPhone Developer";
				FRAMEWORK_SEARCH_PATHS = (
					"$(inherited)",
					"$(PROJECT_DIR)",
					"$(PROJECT_DIR)/Frameworks",
				);
				INFOPLIST_FILE = MusiCon/Info.plist;
				IPHONEOS_DEPLOYMENT_TARGET = 9.1;
				LD_RUNPATH_SEARCH_PATHS = "$(inherited) @executable_path/Frameworks";
				OTHER_LDFLAGS = "-ObjC";
				PRODUCT_BUNDLE_IDENTIFIER = com.theRecommendables.MusiCon;
				PRODUCT_NAME = "$(TARGET_NAME)";
			};
			name = Debug;
		};
		36C75B2F1C8CC942005E154C /* Release */ = {
			isa = XCBuildConfiguration;
			buildSettings = {
				ASSETCATALOG_COMPILER_APPICON_NAME = AppIcon;
				CODE_SIGN_IDENTITY = "iPhone Developer";
				FRAMEWORK_SEARCH_PATHS = (
					"$(inherited)",
					"$(PROJECT_DIR)",
					"$(PROJECT_DIR)/Frameworks",
				);
				INFOPLIST_FILE = MusiCon/Info.plist;
				IPHONEOS_DEPLOYMENT_TARGET = 9.1;
				LD_RUNPATH_SEARCH_PATHS = "$(inherited) @executable_path/Frameworks";
				OTHER_LDFLAGS = "-ObjC";
				PRODUCT_BUNDLE_IDENTIFIER = com.theRecommendables.MusiCon;
				PRODUCT_NAME = "$(TARGET_NAME)";
			};
			name = Release;
		};
		36C75B311C8CC942005E154C /* Debug */ = {
			isa = XCBuildConfiguration;
			buildSettings = {
				BUNDLE_LOADER = "$(TEST_HOST)";
				INFOPLIST_FILE = MusiConTests/Info.plist;
				LD_RUNPATH_SEARCH_PATHS = "$(inherited) @executable_path/Frameworks @loader_path/Frameworks";
				PRODUCT_BUNDLE_IDENTIFIER = com.theRecommendables.MusiConTests;
				PRODUCT_NAME = "$(TARGET_NAME)";
				TEST_HOST = "$(BUILT_PRODUCTS_DIR)/MusiCon.app/MusiCon";
			};
			name = Debug;
		};
		36C75B321C8CC942005E154C /* Release */ = {
			isa = XCBuildConfiguration;
			buildSettings = {
				BUNDLE_LOADER = "$(TEST_HOST)";
				INFOPLIST_FILE = MusiConTests/Info.plist;
				LD_RUNPATH_SEARCH_PATHS = "$(inherited) @executable_path/Frameworks @loader_path/Frameworks";
				PRODUCT_BUNDLE_IDENTIFIER = com.theRecommendables.MusiConTests;
				PRODUCT_NAME = "$(TARGET_NAME)";
				TEST_HOST = "$(BUILT_PRODUCTS_DIR)/MusiCon.app/MusiCon";
			};
			name = Release;
		};
		36C75B341C8CC942005E154C /* Debug */ = {
			isa = XCBuildConfiguration;
			buildSettings = {
				INFOPLIST_FILE = MusiConUITests/Info.plist;
				LD_RUNPATH_SEARCH_PATHS = "$(inherited) @executable_path/Frameworks @loader_path/Frameworks";
				PRODUCT_BUNDLE_IDENTIFIER = com.theRecommendables.MusiConUITests;
				PRODUCT_NAME = "$(TARGET_NAME)";
				TEST_TARGET_NAME = MusiCon;
				USES_XCTRUNNER = YES;
			};
			name = Debug;
		};
		36C75B351C8CC942005E154C /* Release */ = {
			isa = XCBuildConfiguration;
			buildSettings = {
				INFOPLIST_FILE = MusiConUITests/Info.plist;
				LD_RUNPATH_SEARCH_PATHS = "$(inherited) @executable_path/Frameworks @loader_path/Frameworks";
				PRODUCT_BUNDLE_IDENTIFIER = com.theRecommendables.MusiConUITests;
				PRODUCT_NAME = "$(TARGET_NAME)";
				TEST_TARGET_NAME = MusiCon;
				USES_XCTRUNNER = YES;
			};
			name = Release;
		};
/* End XCBuildConfiguration section */

/* Begin XCConfigurationList section */
		36C75AF81C8CC942005E154C /* Build configuration list for PBXProject "MusiCon" */ = {
			isa = XCConfigurationList;
			buildConfigurations = (
				36C75B2B1C8CC942005E154C /* Debug */,
				36C75B2C1C8CC942005E154C /* Release */,
			);
			defaultConfigurationIsVisible = 0;
			defaultConfigurationName = Release;
		};
		36C75B2D1C8CC942005E154C /* Build configuration list for PBXNativeTarget "MusiCon" */ = {
			isa = XCConfigurationList;
			buildConfigurations = (
				36C75B2E1C8CC942005E154C /* Debug */,
				36C75B2F1C8CC942005E154C /* Release */,
			);
			defaultConfigurationIsVisible = 0;
			defaultConfigurationName = Release;
		};
		36C75B301C8CC942005E154C /* Build configuration list for PBXNativeTarget "MusiConTests" */ = {
			isa = XCConfigurationList;
			buildConfigurations = (
				36C75B311C8CC942005E154C /* Debug */,
				36C75B321C8CC942005E154C /* Release */,
			);
			defaultConfigurationIsVisible = 0;
			defaultConfigurationName = Release;
		};
		36C75B331C8CC942005E154C /* Build configuration list for PBXNativeTarget "MusiConUITests" */ = {
			isa = XCConfigurationList;
			buildConfigurations = (
				36C75B341C8CC942005E154C /* Debug */,
				36C75B351C8CC942005E154C /* Release */,
			);
			defaultConfigurationIsVisible = 0;
			defaultConfigurationName = Release;
		};
/* End XCConfigurationList section */

/* Begin XCVersionGroup section */
		36C75B0C1C8CC942005E154C /* MusiCon.xcdatamodeld */ = {
			isa = XCVersionGroup;
			children = (
				36C75B0D1C8CC942005E154C /* MusiCon.xcdatamodel */,
			);
			currentVersion = 36C75B0D1C8CC942005E154C /* MusiCon.xcdatamodel */;
			path = MusiCon.xcdatamodeld;
			sourceTree = "<group>";
			versionGroupType = wrapper.xcdatamodel;
		};
/* End XCVersionGroup section */
	};
	rootObject = 36C75AF51C8CC942005E154C /* Project object */;
}
